
Microsoft Visual Studio Solution File, Format Version 12.00
# Visual Studio Version 17
VisualStudioVersion = 17.11.35312.102
MinimumVisualStudioVersion = 10.0.40219.1
Project("{FAE04EC0-301F-11D3-BF4B-00C04F79EFBC}") = "AlmeidaSebastian_ExamenProgreso1", "AlmeidaSebastian_ExamenProgreso1\AlmeidaSebastian_ExamenProgreso1.csproj", "{338C54E5-E8DD-4A19-98C1-80C9F60DDEDC}"
EndProject
Global
	GlobalSection(SolutionConfigurationPlatforms) = preSolution
		Debug|Any CPU = Debug|Any CPU
		Release|Any CPU = Release|Any CPU
	EndGlobalSection
	GlobalSection(ProjectConfigurationPlatforms) = postSolution
		{338C54E5-E8DD-4A19-98C1-80C9F60DDEDC}.Debug|Any CPU.ActiveCfg = Debug|Any CPU
		{338C54E5-E8DD-4A19-98C1-80C9F60DDEDC}.Debug|Any CPU.Build.0 = Debug|Any CPU
		{338C54E5-E8DD-4A19-98C1-80C9F60DDEDC}.Release|Any CPU.ActiveCfg = Release|Any CPU
		{338C54E5-E8DD-4A19-98C1-80C9F60DDEDC}.Release|Any CPU.Build.0 = Release|Any CPU
	EndGlobalSection
	GlobalSection(SolutionProperties) = preSolution
		HideSolutionNode = FALSE
	EndGlobalSection
	GlobalSection(ExtensibilityGlobals) = postSolution
		SolutionGuid = {D0A0B333-38F3-415A-B0DC-1815C80362AC}
	EndGlobalSection
EndGlobal
